
Microsoft Visual Studio Solution File, Format Version 11.00
# Visual C++ Express 2010
Project("{8BC9CEB8-8B4A-11D0-8D11-00A0C91BC942}") = "printer01", "printer01.vcxproj", "{AF227C93-031B-4EDE-AF4D-C2FC5EBE2DB3}"
EndProject
Global
	GlobalSection(SolutionConfigurationPlatforms) = preSolution
		Debug|Win32 = Debug|Win32
		Release|Win32 = Release|Win32
	EndGlobalSection
	GlobalSection(ProjectConfigurationPlatforms) = postSolution
		{AF227C93-031B-4EDE-AF4D-C2FC5EBE2DB3}.Debug|Win32.ActiveCfg = Debug|Win32
		{AF227C93-031B-4EDE-AF4D-C2FC5EBE2DB3}.Debug|Win32.Build.0 = Debug|Win32
		{AF227C93-031B-4EDE-AF4D-C2FC5EBE2DB3}.Release|Win32.ActiveCfg = Release|Win32
		{AF227C93-031B-4EDE-AF4D-C2FC5EBE2DB3}.Release|Win32.Build.0 = Release|Win32
	EndGlobalSection
	GlobalSection(SolutionProperties) = preSolution
		HideSolutionNode = FALSE
	EndGlobalSection
EndGlobal
