
Microsoft Visual Studio Solution File, Format Version 11.00
# Visual C++ Express 2010
Project("{8BC9CEB8-8B4A-11D0-8D11-00A0C91BC942}") = "text03", "text03.vcxproj", "{D32A504C-65D5-45E6-89DE-C00777BD2390}"
EndProject
Global
	GlobalSection(SolutionConfigurationPlatforms) = preSolution
		Debug|Win32 = Debug|Win32
		Release|Win32 = Release|Win32
	EndGlobalSection
	GlobalSection(ProjectConfigurationPlatforms) = postSolution
		{D32A504C-65D5-45E6-89DE-C00777BD2390}.Debug|Win32.ActiveCfg = Debug|Win32
		{D32A504C-65D5-45E6-89DE-C00777BD2390}.Debug|Win32.Build.0 = Debug|Win32
		{D32A504C-65D5-45E6-89DE-C00777BD2390}.Release|Win32.ActiveCfg = Release|Win32
		{D32A504C-65D5-45E6-89DE-C00777BD2390}.Release|Win32.Build.0 = Release|Win32
	EndGlobalSection
	GlobalSection(SolutionProperties) = preSolution
		HideSolutionNode = FALSE
	EndGlobalSection
EndGlobal
