
Microsoft Visual Studio Solution File, Format Version 11.00
# Visual C++ Express 2010
Project("{8BC9CEB8-8B4A-11D0-8D11-00A0C91BC942}") = "octave", "octave.vcxproj", "{FAA85E32-F525-4D6A-97F5-0AA72FC4ECF4}"
EndProject
Global
	GlobalSection(SolutionConfigurationPlatforms) = preSolution
		Debug|Win32 = Debug|Win32
		Release|Win32 = Release|Win32
	EndGlobalSection
	GlobalSection(ProjectConfigurationPlatforms) = postSolution
		{FAA85E32-F525-4D6A-97F5-0AA72FC4ECF4}.Debug|Win32.ActiveCfg = Debug|Win32
		{FAA85E32-F525-4D6A-97F5-0AA72FC4ECF4}.Debug|Win32.Build.0 = Debug|Win32
		{FAA85E32-F525-4D6A-97F5-0AA72FC4ECF4}.Release|Win32.ActiveCfg = Release|Win32
		{FAA85E32-F525-4D6A-97F5-0AA72FC4ECF4}.Release|Win32.Build.0 = Release|Win32
	EndGlobalSection
	GlobalSection(SolutionProperties) = preSolution
		HideSolutionNode = FALSE
	EndGlobalSection
EndGlobal
