
Microsoft Visual Studio Solution File, Format Version 11.00
# Visual C++ Express 2010
Project("{8BC9CEB8-8B4A-11D0-8D11-00A0C91BC942}") = "clock01", "clock01.vcxproj", "{EEC56A73-8425-43D1-940E-E4FC939AF741}"
EndProject
Global
	GlobalSection(SolutionConfigurationPlatforms) = preSolution
		Debug|Win32 = Debug|Win32
		Release|Win32 = Release|Win32
	EndGlobalSection
	GlobalSection(ProjectConfigurationPlatforms) = postSolution
		{EEC56A73-8425-43D1-940E-E4FC939AF741}.Debug|Win32.ActiveCfg = Debug|Win32
		{EEC56A73-8425-43D1-940E-E4FC939AF741}.Debug|Win32.Build.0 = Debug|Win32
		{EEC56A73-8425-43D1-940E-E4FC939AF741}.Release|Win32.ActiveCfg = Release|Win32
		{EEC56A73-8425-43D1-940E-E4FC939AF741}.Release|Win32.Build.0 = Release|Win32
	EndGlobalSection
	GlobalSection(SolutionProperties) = preSolution
		HideSolutionNode = FALSE
	EndGlobalSection
EndGlobal
