
Microsoft Visual Studio Solution File, Format Version 11.00
# Visual C++ Express 2010
Project("{8BC9CEB8-8B4A-11D0-8D11-00A0C91BC942}") = "dividefilter", "dividefilter.vcxproj", "{C7C42BD4-96F9-4E0D-98B3-197DCF64D589}"
EndProject
Global
	GlobalSection(SolutionConfigurationPlatforms) = preSolution
		Debug|Win32 = Debug|Win32
		Release|Win32 = Release|Win32
	EndGlobalSection
	GlobalSection(ProjectConfigurationPlatforms) = postSolution
		{C7C42BD4-96F9-4E0D-98B3-197DCF64D589}.Debug|Win32.ActiveCfg = Debug|Win32
		{C7C42BD4-96F9-4E0D-98B3-197DCF64D589}.Debug|Win32.Build.0 = Debug|Win32
		{C7C42BD4-96F9-4E0D-98B3-197DCF64D589}.Release|Win32.ActiveCfg = Release|Win32
		{C7C42BD4-96F9-4E0D-98B3-197DCF64D589}.Release|Win32.Build.0 = Release|Win32
	EndGlobalSection
	GlobalSection(SolutionProperties) = preSolution
		HideSolutionNode = FALSE
	EndGlobalSection
EndGlobal
