
Microsoft Visual Studio Solution File, Format Version 11.00
# Visual C++ Express 2010
Project("{8BC9CEB8-8B4A-11D0-8D11-00A0C91BC942}") = "toolbar03", "toolbar03.vcxproj", "{18F34D6C-F4B7-4D6B-B2E1-48A50457BAD2}"
EndProject
Global
	GlobalSection(SolutionConfigurationPlatforms) = preSolution
		Debug|Win32 = Debug|Win32
		Release|Win32 = Release|Win32
	EndGlobalSection
	GlobalSection(ProjectConfigurationPlatforms) = postSolution
		{18F34D6C-F4B7-4D6B-B2E1-48A50457BAD2}.Debug|Win32.ActiveCfg = Debug|Win32
		{18F34D6C-F4B7-4D6B-B2E1-48A50457BAD2}.Debug|Win32.Build.0 = Debug|Win32
		{18F34D6C-F4B7-4D6B-B2E1-48A50457BAD2}.Release|Win32.ActiveCfg = Release|Win32
		{18F34D6C-F4B7-4D6B-B2E1-48A50457BAD2}.Release|Win32.Build.0 = Release|Win32
	EndGlobalSection
	GlobalSection(SolutionProperties) = preSolution
		HideSolutionNode = FALSE
	EndGlobalSection
EndGlobal
